
Microsoft Visual Studio Solution File, Format Version 12.00

# Visual Studio 15
VisualStudioVersion = 15.0.26430.13

MinimumVisualStudioVersion = 10.0.40219.1
Project("{FAE04EC0-301F-11D3-BF4B-00C04F79EFBC}") = "PageJaunesResto.WebAPI.Connectivity.Framework", "PageJaunesResto.WebAPI.Connectivity.Framework\PageJaunesResto.WebAPI.Connectivity.Framework.csproj", "{55FB8D65-D4DA-4976-9EB2-7EA6103F196F}"
EndProject
Project("{FAE04EC0-301F-11D3-BF4B-00C04F79EFBC}") = "PageJaunesResto.WebAPI.Connectivity.Frameworks.Tests", "PageJaunesResto.WebAPI.Connectivity.Frameworks.Tests\PageJaunesResto.WebAPI.Connectivity.Frameworks.Tests.csproj", "{EB761A7D-3B0B-4709-A48F-E732F2AB8B9F}"
EndProject
Project("{FAE04EC0-301F-11D3-BF4B-00C04F79EFBC}") = "PageJaunesResto.Connectivity.Framework.Tests.Integration", "PageJaunesResto.Connectivity.Framework.Tests.Integration\PageJaunesResto.Connectivity.Framework.Tests.Integration.csproj", "{9FFB1550-F230-4BD2-BD2C-B8AF6DE327E6}"
EndProject
Global
	GlobalSection(SolutionConfigurationPlatforms) = preSolution
		Debug|Any CPU = Debug|Any CPU
		Release|Any CPU = Release|Any CPU
	EndGlobalSection
	GlobalSection(ProjectConfigurationPlatforms) = postSolution
		{55FB8D65-D4DA-4976-9EB2-7EA6103F196F}.Debug|Any CPU.ActiveCfg = Debug|Any CPU
		{55FB8D65-D4DA-4976-9EB2-7EA6103F196F}.Debug|Any CPU.Build.0 = Debug|Any CPU
		{55FB8D65-D4DA-4976-9EB2-7EA6103F196F}.Release|Any CPU.ActiveCfg = Release|Any CPU
		{55FB8D65-D4DA-4976-9EB2-7EA6103F196F}.Release|Any CPU.Build.0 = Release|Any CPU
		{EB761A7D-3B0B-4709-A48F-E732F2AB8B9F}.Debug|Any CPU.ActiveCfg = Debug|Any CPU
		{EB761A7D-3B0B-4709-A48F-E732F2AB8B9F}.Debug|Any CPU.Build.0 = Debug|Any CPU
		{EB761A7D-3B0B-4709-A48F-E732F2AB8B9F}.Release|Any CPU.ActiveCfg = Release|Any CPU
		{EB761A7D-3B0B-4709-A48F-E732F2AB8B9F}.Release|Any CPU.Build.0 = Release|Any CPU
		{9FFB1550-F230-4BD2-BD2C-B8AF6DE327E6}.Debug|Any CPU.ActiveCfg = Debug|Any CPU
		{9FFB1550-F230-4BD2-BD2C-B8AF6DE327E6}.Debug|Any CPU.Build.0 = Debug|Any CPU
		{9FFB1550-F230-4BD2-BD2C-B8AF6DE327E6}.Release|Any CPU.ActiveCfg = Release|Any CPU
		{9FFB1550-F230-4BD2-BD2C-B8AF6DE327E6}.Release|Any CPU.Build.0 = Release|Any CPU
	EndGlobalSection
	GlobalSection(SolutionProperties) = preSolution
		HideSolutionNode = FALSE
	EndGlobalSection
EndGlobal
